// !$*UTF8*$!
{
	archiveVersion = 1;
	classes = {
	};
	objectVersion = 56;
	objects = {

/* Begin PBXBuildFile section */
		4A901949290F172F00650FCE /* AppDelegate.swift in Sources */ = {isa = PBXBuildFile; fileRef = 4A901948290F172F00650FCE /* AppDelegate.swift */; };
		4A90194B290F172F00650FCE /* SceneDelegate.swift in Sources */ = {isa = PBXBuildFile; fileRef = 4A90194A290F172F00650FCE /* SceneDelegate.swift */; };
		4A90194D290F172F00650FCE /* PokemonListViewController.swift in Sources */ = {isa = PBXBuildFile; fileRef = 4A90194C290F172F00650FCE /* PokemonListViewController.swift */; };
		4A901952290F173000650FCE /* Assets.xcassets in Resources */ = {isa = PBXBuildFile; fileRef = 4A901951290F173000650FCE /* Assets.xcassets */; };
		4A901955290F173000650FCE /* LaunchScreen.storyboard in Resources */ = {isa = PBXBuildFile; fileRef = 4A901953290F173000650FCE /* LaunchScreen.storyboard */; };
		4AAF8CB329105E2F00890794 /* RestAPI.swift in Sources */ = {isa = PBXBuildFile; fileRef = 4AAF8CB229105E2F00890794 /* RestAPI.swift */; };
		4AAF8CB529105F1000890794 /* ImageCache.swift in Sources */ = {isa = PBXBuildFile; fileRef = 4AAF8CB429105F1000890794 /* ImageCache.swift */; };
		4AAF8CB7291062A600890794 /* Pokemon.swift in Sources */ = {isa = PBXBuildFile; fileRef = 4AAF8CB6291062A600890794 /* Pokemon.swift */; };
		4AAF8CB9291062DA00890794 /* PokemonList.swift in Sources */ = {isa = PBXBuildFile; fileRef = 4AAF8CB8291062DA00890794 /* PokemonList.swift */; };
		4AAF8CBB2910632200890794 /* PokemonDetail.swift in Sources */ = {isa = PBXBuildFile; fileRef = 4AAF8CBA2910632200890794 /* PokemonDetail.swift */; };
		4AAF8CBF2910636B00890794 /* Form.swift in Sources */ = {isa = PBXBuildFile; fileRef = 4AAF8CBE2910636B00890794 /* Form.swift */; };
		4AAF8CC12910639400890794 /* Type.swift in Sources */ = {isa = PBXBuildFile; fileRef = 4AAF8CC02910639400890794 /* Type.swift */; };
		4AAF8CC32910639F00890794 /* Types.swift in Sources */ = {isa = PBXBuildFile; fileRef = 4AAF8CC22910639F00890794 /* Types.swift */; };
		4AAF8CC5291063B400890794 /* Ability.swift in Sources */ = {isa = PBXBuildFile; fileRef = 4AAF8CC4291063B400890794 /* Ability.swift */; };
		4AAF8CC7291063BF00890794 /* Abilities.swift in Sources */ = {isa = PBXBuildFile; fileRef = 4AAF8CC6291063BF00890794 /* Abilities.swift */; };
		4AAF8CC929106EEC00890794 /* PokemonListViewModel.swift in Sources */ = {isa = PBXBuildFile; fileRef = 4AAF8CC829106EEC00890794 /* PokemonListViewModel.swift */; };
		4AAF8CCB29106F1A00890794 /* PokemonCellViewModel.swift in Sources */ = {isa = PBXBuildFile; fileRef = 4AAF8CCA29106F1A00890794 /* PokemonCellViewModel.swift */; };
		4AAF8CCD29106F4800890794 /* PokemonListViewModelProtocol.swift in Sources */ = {isa = PBXBuildFile; fileRef = 4AAF8CCC29106F4800890794 /* PokemonListViewModelProtocol.swift */; };
		4AAF8CCF29106F8E00890794 /* PokemonListCoordinatorProtocol.swift in Sources */ = {isa = PBXBuildFile; fileRef = 4AAF8CCE29106F8E00890794 /* PokemonListCoordinatorProtocol.swift */; };
		4AAF8CD129106FC300890794 /* PokemonListCoordinator.swift in Sources */ = {isa = PBXBuildFile; fileRef = 4AAF8CD029106FC300890794 /* PokemonListCoordinator.swift */; };
		4AAF8CD5291070A800890794 /* Alert.swift in Sources */ = {isa = PBXBuildFile; fileRef = 4AAF8CD4291070A800890794 /* Alert.swift */; };
		4AAF8CD7291070D600890794 /* ShowAlert.swift in Sources */ = {isa = PBXBuildFile; fileRef = 4AAF8CD6291070D600890794 /* ShowAlert.swift */; };
		4AAF8CD92910710600890794 /* ViewCodeProtocol.swift in Sources */ = {isa = PBXBuildFile; fileRef = 4AAF8CD82910710600890794 /* ViewCodeProtocol.swift */; };
		4AAF8CDB2910713100890794 /* CoordinatorProtocol.swift in Sources */ = {isa = PBXBuildFile; fileRef = 4AAF8CDA2910713100890794 /* CoordinatorProtocol.swift */; };
		4AAF8CDD291071E800890794 /* PokemonListServiceProtocol.swift in Sources */ = {isa = PBXBuildFile; fileRef = 4AAF8CDC291071E800890794 /* PokemonListServiceProtocol.swift */; };
		4AAF8CDF2910721300890794 /* PokemonListService.swift in Sources */ = {isa = PBXBuildFile; fileRef = 4AAF8CDE2910721300890794 /* PokemonListService.swift */; };
		4AAF8CE12910737300890794 /* PokemonListView.swift in Sources */ = {isa = PBXBuildFile; fileRef = 4AAF8CE02910737300890794 /* PokemonListView.swift */; };
		4AAF8CE3291073A400890794 /* PokemonCell.swift in Sources */ = {isa = PBXBuildFile; fileRef = 4AAF8CE2291073A400890794 /* PokemonCell.swift */; };
		4AAF8CE5291073CC00890794 /* PokemonListViewProtocol.swift in Sources */ = {isa = PBXBuildFile; fileRef = 4AAF8CE4291073CC00890794 /* PokemonListViewProtocol.swift */; };
		4AAF8CE7291074F800890794 /* AppCoordinator.swift in Sources */ = {isa = PBXBuildFile; fileRef = 4AAF8CE6291074F800890794 /* AppCoordinator.swift */; };
		4AAF8CE929107A3100890794 /* PokemonDetailCoordinatorProtocol.swift in Sources */ = {isa = PBXBuildFile; fileRef = 4AAF8CE829107A3100890794 /* PokemonDetailCoordinatorProtocol.swift */; };
		4AAF8CEB29107A5800890794 /* PokemonDetailCoordinator.swift in Sources */ = {isa = PBXBuildFile; fileRef = 4AAF8CEA29107A5800890794 /* PokemonDetailCoordinator.swift */; };
		4AAF8CED29107B1B00890794 /* Constants.swift in Sources */ = {isa = PBXBuildFile; fileRef = 4AAF8CEC29107B1B00890794 /* Constants.swift */; };
		4AAF8CEF29107BA300890794 /* PokemonDetailViewModel.swift in Sources */ = {isa = PBXBuildFile; fileRef = 4AAF8CEE29107BA300890794 /* PokemonDetailViewModel.swift */; };
		4AAF8CF129107BC800890794 /* PokemonDetailViewModelProtocol.swift in Sources */ = {isa = PBXBuildFile; fileRef = 4AAF8CF029107BC800890794 /* PokemonDetailViewModelProtocol.swift */; };
		4AAF8CF329107C3F00890794 /* PokemonDetailViewController.swift in Sources */ = {isa = PBXBuildFile; fileRef = 4AAF8CF229107C3F00890794 /* PokemonDetailViewController.swift */; };
		4AAF8CF529107C7600890794 /* PokemonDetailView.swift in Sources */ = {isa = PBXBuildFile; fileRef = 4AAF8CF429107C7600890794 /* PokemonDetailView.swift */; };
		4AAF8CF729107CCD00890794 /* PokemonDetailViewProtocol.swift in Sources */ = {isa = PBXBuildFile; fileRef = 4AAF8CF629107CCD00890794 /* PokemonDetailViewProtocol.swift */; };
		4AAF8CF929107CF000890794 /* PokemonDetailDescriptionView.swift in Sources */ = {isa = PBXBuildFile; fileRef = 4AAF8CF829107CF000890794 /* PokemonDetailDescriptionView.swift */; };
		4AD8BE562913CE94007B52BD /* Localizable.strings in Resources */ = {isa = PBXBuildFile; fileRef = 4AD8BE582913CE94007B52BD /* Localizable.strings */; };
		4AD8BE5A2913D13E007B52BD /* LocalizableStrings.swift in Sources */ = {isa = PBXBuildFile; fileRef = 4AD8BE592913D13E007B52BD /* LocalizableStrings.swift */; };
		4AD8BE632914F5D1007B52BD /* My_PokemonTests.swift in Sources */ = {isa = PBXBuildFile; fileRef = 4AD8BE622914F5D1007B52BD /* My_PokemonTests.swift */; };
		4AD8BE702914F5EC007B52BD /* My_PokemonUITests.swift in Sources */ = {isa = PBXBuildFile; fileRef = 4AD8BE6F2914F5EC007B52BD /* My_PokemonUITests.swift */; };
		4AD8BE722914F5EC007B52BD /* My_PokemonUITestsLaunchTests.swift in Sources */ = {isa = PBXBuildFile; fileRef = 4AD8BE712914F5EC007B52BD /* My_PokemonUITestsLaunchTests.swift */; };
		4AD8BE7A291A4EBD007B52BD /* PokemonTableViewController.swift in Sources */ = {isa = PBXBuildFile; fileRef = 4AD8BE79291A4EBD007B52BD /* PokemonTableViewController.swift */; };
		4AD8BE7C291A4F19007B52BD /* PokemonTableView.swift in Sources */ = {isa = PBXBuildFile; fileRef = 4AD8BE7B291A4F19007B52BD /* PokemonTableView.swift */; };
		4AD8BE7E291A52FB007B52BD /* TableCell.swift in Sources */ = {isa = PBXBuildFile; fileRef = 4AD8BE7D291A52FB007B52BD /* TableCell.swift */; };
		4AD8BEA0291E3089007B52BD /* BackTableCell.swift in Sources */ = {isa = PBXBuildFile; fileRef = 4AD8BE9F291E3089007B52BD /* BackTableCell.swift */; };
		4AD8BEA4291E4BFB007B52BD /* RandomTableCell.swift in Sources */ = {isa = PBXBuildFile; fileRef = 4AD8BEA3291E4BFB007B52BD /* RandomTableCell.swift */; };
/* End PBXBuildFile section */

/* Begin PBXContainerItemProxy section */
		4AD8BE642914F5D1007B52BD /* PBXContainerItemProxy */ = {
			isa = PBXContainerItemProxy;
			containerPortal = 4A90193D290F172F00650FCE /* Project object */;
			proxyType = 1;
			remoteGlobalIDString = 4A901944290F172F00650FCE;
			remoteInfo = "My Pokemon";
		};
		4AD8BE732914F5EC007B52BD /* PBXContainerItemProxy */ = {
			isa = PBXContainerItemProxy;
			containerPortal = 4A90193D290F172F00650FCE /* Project object */;
			proxyType = 1;
			remoteGlobalIDString = 4A901944290F172F00650FCE;
			remoteInfo = "My Pokemon";
		};
/* End PBXContainerItemProxy section */

/* Begin PBXFileReference section */
		4A901945290F172F00650FCE /* My Pokemon.app */ = {isa = PBXFileReference; explicitFileType = wrapper.application; includeInIndex = 0; path = "My Pokemon.app"; sourceTree = BUILT_PRODUCTS_DIR; };
		4A901948290F172F00650FCE /* AppDelegate.swift */ = {isa = PBXFileReference; lastKnownFileType = sourcecode.swift; path = AppDelegate.swift; sourceTree = "<group>"; };
		4A90194A290F172F00650FCE /* SceneDelegate.swift */ = {isa = PBXFileReference; lastKnownFileType = sourcecode.swift; path = SceneDelegate.swift; sourceTree = "<group>"; };
		4A90194C290F172F00650FCE /* PokemonListViewController.swift */ = {isa = PBXFileReference; lastKnownFileType = sourcecode.swift; path = PokemonListViewController.swift; sourceTree = "<group>"; };
		4A901951290F173000650FCE /* Assets.xcassets */ = {isa = PBXFileReference; lastKnownFileType = folder.assetcatalog; path = Assets.xcassets; sourceTree = "<group>"; };
		4A901954290F173000650FCE /* Base */ = {isa = PBXFileReference; lastKnownFileType = file.storyboard; name = Base; path = Base.lproj/LaunchScreen.storyboard; sourceTree = "<group>"; };
		4A901956290F173000650FCE /* Info.plist */ = {isa = PBXFileReference; lastKnownFileType = text.plist.xml; path = Info.plist; sourceTree = "<group>"; };
		4AAF8CB229105E2F00890794 /* RestAPI.swift */ = {isa = PBXFileReference; lastKnownFileType = sourcecode.swift; path = RestAPI.swift; sourceTree = "<group>"; };
		4AAF8CB429105F1000890794 /* ImageCache.swift */ = {isa = PBXFileReference; lastKnownFileType = sourcecode.swift; path = ImageCache.swift; sourceTree = "<group>"; };
		4AAF8CB6291062A600890794 /* Pokemon.swift */ = {isa = PBXFileReference; lastKnownFileType = sourcecode.swift; path = Pokemon.swift; sourceTree = "<group>"; };
		4AAF8CB8291062DA00890794 /* PokemonList.swift */ = {isa = PBXFileReference; lastKnownFileType = sourcecode.swift; path = PokemonList.swift; sourceTree = "<group>"; };
		4AAF8CBA2910632200890794 /* PokemonDetail.swift */ = {isa = PBXFileReference; lastKnownFileType = sourcecode.swift; path = PokemonDetail.swift; sourceTree = "<group>"; };
		4AAF8CBE2910636B00890794 /* Form.swift */ = {isa = PBXFileReference; lastKnownFileType = sourcecode.swift; path = Form.swift; sourceTree = "<group>"; };
		4AAF8CC02910639400890794 /* Type.swift */ = {isa = PBXFileReference; lastKnownFileType = sourcecode.swift; path = Type.swift; sourceTree = "<group>"; };
		4AAF8CC22910639F00890794 /* Types.swift */ = {isa = PBXFileReference; lastKnownFileType = sourcecode.swift; path = Types.swift; sourceTree = "<group>"; };
		4AAF8CC4291063B400890794 /* Ability.swift */ = {isa = PBXFileReference; lastKnownFileType = sourcecode.swift; path = Ability.swift; sourceTree = "<group>"; };
		4AAF8CC6291063BF00890794 /* Abilities.swift */ = {isa = PBXFileReference; lastKnownFileType = sourcecode.swift; path = Abilities.swift; sourceTree = "<group>"; };
		4AAF8CC829106EEC00890794 /* PokemonListViewModel.swift */ = {isa = PBXFileReference; lastKnownFileType = sourcecode.swift; path = PokemonListViewModel.swift; sourceTree = "<group>"; };
		4AAF8CCA29106F1A00890794 /* PokemonCellViewModel.swift */ = {isa = PBXFileReference; lastKnownFileType = sourcecode.swift; path = PokemonCellViewModel.swift; sourceTree = "<group>"; };
		4AAF8CCC29106F4800890794 /* PokemonListViewModelProtocol.swift */ = {isa = PBXFileReference; lastKnownFileType = sourcecode.swift; path = PokemonListViewModelProtocol.swift; sourceTree = "<group>"; };
		4AAF8CCE29106F8E00890794 /* PokemonListCoordinatorProtocol.swift */ = {isa = PBXFileReference; lastKnownFileType = sourcecode.swift; path = PokemonListCoordinatorProtocol.swift; sourceTree = "<group>"; };
		4AAF8CD029106FC300890794 /* PokemonListCoordinator.swift */ = {isa = PBXFileReference; lastKnownFileType = sourcecode.swift; path = PokemonListCoordinator.swift; sourceTree = "<group>"; };
		4AAF8CD4291070A800890794 /* Alert.swift */ = {isa = PBXFileReference; lastKnownFileType = sourcecode.swift; path = Alert.swift; sourceTree = "<group>"; };
		4AAF8CD6291070D600890794 /* ShowAlert.swift */ = {isa = PBXFileReference; lastKnownFileType = sourcecode.swift; path = ShowAlert.swift; sourceTree = "<group>"; };
		4AAF8CD82910710600890794 /* ViewCodeProtocol.swift */ = {isa = PBXFileReference; lastKnownFileType = sourcecode.swift; path = ViewCodeProtocol.swift; sourceTree = "<group>"; };
		4AAF8CDA2910713100890794 /* CoordinatorProtocol.swift */ = {isa = PBXFileReference; lastKnownFileType = sourcecode.swift; path = CoordinatorProtocol.swift; sourceTree = "<group>"; };
		4AAF8CDC291071E800890794 /* PokemonListServiceProtocol.swift */ = {isa = PBXFileReference; lastKnownFileType = sourcecode.swift; path = PokemonListServiceProtocol.swift; sourceTree = "<group>"; };
		4AAF8CDE2910721300890794 /* PokemonListService.swift */ = {isa = PBXFileReference; lastKnownFileType = sourcecode.swift; path = PokemonListService.swift; sourceTree = "<group>"; };
		4AAF8CE02910737300890794 /* PokemonListView.swift */ = {isa = PBXFileReference; lastKnownFileType = sourcecode.swift; path = PokemonListView.swift; sourceTree = "<group>"; };
		4AAF8CE2291073A400890794 /* PokemonCell.swift */ = {isa = PBXFileReference; lastKnownFileType = sourcecode.swift; path = PokemonCell.swift; sourceTree = "<group>"; };
		4AAF8CE4291073CC00890794 /* PokemonListViewProtocol.swift */ = {isa = PBXFileReference; lastKnownFileType = sourcecode.swift; path = PokemonListViewProtocol.swift; sourceTree = "<group>"; };
		4AAF8CE6291074F800890794 /* AppCoordinator.swift */ = {isa = PBXFileReference; lastKnownFileType = sourcecode.swift; path = AppCoordinator.swift; sourceTree = "<group>"; };
		4AAF8CE829107A3100890794 /* PokemonDetailCoordinatorProtocol.swift */ = {isa = PBXFileReference; lastKnownFileType = sourcecode.swift; path = PokemonDetailCoordinatorProtocol.swift; sourceTree = "<group>"; };
		4AAF8CEA29107A5800890794 /* PokemonDetailCoordinator.swift */ = {isa = PBXFileReference; lastKnownFileType = sourcecode.swift; path = PokemonDetailCoordinator.swift; sourceTree = "<group>"; };
		4AAF8CEC29107B1B00890794 /* Constants.swift */ = {isa = PBXFileReference; lastKnownFileType = sourcecode.swift; path = Constants.swift; sourceTree = "<group>"; };
		4AAF8CEE29107BA300890794 /* PokemonDetailViewModel.swift */ = {isa = PBXFileReference; lastKnownFileType = sourcecode.swift; path = PokemonDetailViewModel.swift; sourceTree = "<group>"; };
		4AAF8CF029107BC800890794 /* PokemonDetailViewModelProtocol.swift */ = {isa = PBXFileReference; lastKnownFileType = sourcecode.swift; path = PokemonDetailViewModelProtocol.swift; sourceTree = "<group>"; };
		4AAF8CF229107C3F00890794 /* PokemonDetailViewController.swift */ = {isa = PBXFileReference; lastKnownFileType = sourcecode.swift; path = PokemonDetailViewController.swift; sourceTree = "<group>"; };
		4AAF8CF429107C7600890794 /* PokemonDetailView.swift */ = {isa = PBXFileReference; lastKnownFileType = sourcecode.swift; path = PokemonDetailView.swift; sourceTree = "<group>"; };
		4AAF8CF629107CCD00890794 /* PokemonDetailViewProtocol.swift */ = {isa = PBXFileReference; lastKnownFileType = sourcecode.swift; path = PokemonDetailViewProtocol.swift; sourceTree = "<group>"; };
		4AAF8CF829107CF000890794 /* PokemonDetailDescriptionView.swift */ = {isa = PBXFileReference; lastKnownFileType = sourcecode.swift; path = PokemonDetailDescriptionView.swift; sourceTree = "<group>"; };
		4AD8BE572913CE94007B52BD /* en */ = {isa = PBXFileReference; lastKnownFileType = text.plist.strings; name = en; path = en.lproj/Localizable.strings; sourceTree = "<group>"; };
		4AD8BE592913D13E007B52BD /* LocalizableStrings.swift */ = {isa = PBXFileReference; lastKnownFileType = sourcecode.swift; path = LocalizableStrings.swift; sourceTree = "<group>"; };
		4AD8BE5B2913D2C7007B52BD /* en-AU */ = {isa = PBXFileReference; lastKnownFileType = text.plist.strings; name = "en-AU"; path = "en-AU.lproj/Localizable.strings"; sourceTree = "<group>"; };
		4AD8BE602914F5D1007B52BD /* My PokemonTests.xctest */ = {isa = PBXFileReference; explicitFileType = wrapper.cfbundle; includeInIndex = 0; path = "My PokemonTests.xctest"; sourceTree = BUILT_PRODUCTS_DIR; };
		4AD8BE622914F5D1007B52BD /* My_PokemonTests.swift */ = {isa = PBXFileReference; lastKnownFileType = sourcecode.swift; path = My_PokemonTests.swift; sourceTree = "<group>"; };
		4AD8BE6D2914F5EC007B52BD /* My PokemonUITests.xctest */ = {isa = PBXFileReference; explicitFileType = wrapper.cfbundle; includeInIndex = 0; path = "My PokemonUITests.xctest"; sourceTree = BUILT_PRODUCTS_DIR; };
		4AD8BE6F2914F5EC007B52BD /* My_PokemonUITests.swift */ = {isa = PBXFileReference; lastKnownFileType = sourcecode.swift; path = My_PokemonUITests.swift; sourceTree = "<group>"; };
		4AD8BE712914F5EC007B52BD /* My_PokemonUITestsLaunchTests.swift */ = {isa = PBXFileReference; lastKnownFileType = sourcecode.swift; path = My_PokemonUITestsLaunchTests.swift; sourceTree = "<group>"; };
		4AD8BE79291A4EBD007B52BD /* PokemonTableViewController.swift */ = {isa = PBXFileReference; lastKnownFileType = sourcecode.swift; path = PokemonTableViewController.swift; sourceTree = "<group>"; };
		4AD8BE7B291A4F19007B52BD /* PokemonTableView.swift */ = {isa = PBXFileReference; lastKnownFileType = sourcecode.swift; path = PokemonTableView.swift; sourceTree = "<group>"; };
		4AD8BE7D291A52FB007B52BD /* TableCell.swift */ = {isa = PBXFileReference; lastKnownFileType = sourcecode.swift; path = TableCell.swift; sourceTree = "<group>"; };
		4AD8BE9F291E3089007B52BD /* BackTableCell.swift */ = {isa = PBXFileReference; lastKnownFileType = sourcecode.swift; path = BackTableCell.swift; sourceTree = "<group>"; };
		4AD8BEA3291E4BFB007B52BD /* RandomTableCell.swift */ = {isa = PBXFileReference; lastKnownFileType = sourcecode.swift; path = RandomTableCell.swift; sourceTree = "<group>"; };
/* End PBXFileReference section */

/* Begin PBXFrameworksBuildPhase section */
		4A901942290F172F00650FCE /* Frameworks */ = {
			isa = PBXFrameworksBuildPhase;
			buildActionMask = 2147483647;
			files = (
			);
			runOnlyForDeploymentPostprocessing = 0;
		};
		4AD8BE5D2914F5D1007B52BD /* Frameworks */ = {
			isa = PBXFrameworksBuildPhase;
			buildActionMask = 2147483647;
			files = (
			);
			runOnlyForDeploymentPostprocessing = 0;
		};
		4AD8BE6A2914F5EC007B52BD /* Frameworks */ = {
			isa = PBXFrameworksBuildPhase;
			buildActionMask = 2147483647;
			files = (
			);
			runOnlyForDeploymentPostprocessing = 0;
		};
/* End PBXFrameworksBuildPhase section */

/* Begin PBXGroup section */
		4A90193C290F172F00650FCE = {
			isa = PBXGroup;
			children = (
				4A901947290F172F00650FCE /* My Pokemon */,
				4AD8BE612914F5D1007B52BD /* My PokemonTests */,
				4AD8BE6E2914F5EC007B52BD /* My PokemonUITests */,
				4A901946290F172F00650FCE /* Products */,
			);
			sourceTree = "<group>";
		};
		4A901946290F172F00650FCE /* Products */ = {
			isa = PBXGroup;
			children = (
				4A901945290F172F00650FCE /* My Pokemon.app */,
				4AD8BE602914F5D1007B52BD /* My PokemonTests.xctest */,
				4AD8BE6D2914F5EC007B52BD /* My PokemonUITests.xctest */,
			);
			name = Products;
			sourceTree = "<group>";
		};
		4A901947290F172F00650FCE /* My Pokemon */ = {
			isa = PBXGroup;
			children = (
				4AAF8CD32910709000890794 /* Components */,
				4AAF8CD22910701D00890794 /* Protocols */,
				4AAF8CB0291059E400890794 /* AppConstants */,
				4AAF8CA9291057B000890794 /* PokemonDetail */,
				4AAF8CA82910579D00890794 /* PokemonList */,
				4A901948290F172F00650FCE /* AppDelegate.swift */,
				4AAF8CE6291074F800890794 /* AppCoordinator.swift */,
				4A90194A290F172F00650FCE /* SceneDelegate.swift */,
				4A901951290F173000650FCE /* Assets.xcassets */,
				4A901953290F173000650FCE /* LaunchScreen.storyboard */,
				4A901956290F173000650FCE /* Info.plist */,
			);
			path = "My Pokemon";
			sourceTree = "<group>";
		};
		4AAF8CA82910579D00890794 /* PokemonList */ = {
			isa = PBXGroup;
			children = (
				4AD8BE78291A4329007B52BD /* TableView */,
				4AAF8CAF291058A800890794 /* View */,
				4AAF8CAE2910589A00890794 /* ViewModel */,
				4AAF8CAD2910589500890794 /* Model */,
			);
			path = PokemonList;
			sourceTree = "<group>";
		};
		4AAF8CA9291057B000890794 /* PokemonDetail */ = {
			isa = PBXGroup;
			children = (
				4AAF8CAC2910588C00890794 /* ViewModel */,
				4AAF8CAB2910588700890794 /* View */,
				4AAF8CAA2910587100890794 /* Model */,
			);
			path = PokemonDetail;
			sourceTree = "<group>";
		};
		4AAF8CAA2910587100890794 /* Model */ = {
			isa = PBXGroup;
			children = (
				4AAF8CBA2910632200890794 /* PokemonDetail.swift */,
				4AAF8CBE2910636B00890794 /* Form.swift */,
				4AAF8CC02910639400890794 /* Type.swift */,
				4AAF8CC22910639F00890794 /* Types.swift */,
				4AAF8CC4291063B400890794 /* Ability.swift */,
				4AAF8CC6291063BF00890794 /* Abilities.swift */,
			);
			path = Model;
			sourceTree = "<group>";
		};
		4AAF8CAB2910588700890794 /* View */ = {
			isa = PBXGroup;
			children = (
				4AAF8CF229107C3F00890794 /* PokemonDetailViewController.swift */,
				4AAF8CF429107C7600890794 /* PokemonDetailView.swift */,
				4AAF8CF629107CCD00890794 /* PokemonDetailViewProtocol.swift */,
				4AAF8CF829107CF000890794 /* PokemonDetailDescriptionView.swift */,
			);
			path = View;
			sourceTree = "<group>";
		};
		4AAF8CAC2910588C00890794 /* ViewModel */ = {
			isa = PBXGroup;
			children = (
				4AAF8CEA29107A5800890794 /* PokemonDetailCoordinator.swift */,
				4AAF8CEE29107BA300890794 /* PokemonDetailViewModel.swift */,
				4AAF8CF029107BC800890794 /* PokemonDetailViewModelProtocol.swift */,
			);
			path = ViewModel;
			sourceTree = "<group>";
		};
		4AAF8CAD2910589500890794 /* Model */ = {
			isa = PBXGroup;
			children = (
				4AAF8CB6291062A600890794 /* Pokemon.swift */,
				4AAF8CB8291062DA00890794 /* PokemonList.swift */,
			);
			path = Model;
			sourceTree = "<group>";
		};
		4AAF8CAE2910589A00890794 /* ViewModel */ = {
			isa = PBXGroup;
			children = (
				4AAF8CCA29106F1A00890794 /* PokemonCellViewModel.swift */,
				4AAF8CC829106EEC00890794 /* PokemonListViewModel.swift */,
				4AAF8CD029106FC300890794 /* PokemonListCoordinator.swift */,
				4AAF8CDE2910721300890794 /* PokemonListService.swift */,
			);
			path = ViewModel;
			sourceTree = "<group>";
		};
		4AAF8CAF291058A800890794 /* View */ = {
			isa = PBXGroup;
			children = (
				4A90194C290F172F00650FCE /* PokemonListViewController.swift */,
				4AAF8CE02910737300890794 /* PokemonListView.swift */,
				4AAF8CE2291073A400890794 /* PokemonCell.swift */,
				4AAF8CE4291073CC00890794 /* PokemonListViewProtocol.swift */,
			);
			path = View;
			sourceTree = "<group>";
		};
		4AAF8CB0291059E400890794 /* AppConstants */ = {
			isa = PBXGroup;
			children = (
				4AAF8CB129105D9E00890794 /* NetworkUrl */,
				4AAF8CB429105F1000890794 /* ImageCache.swift */,
				4AAF8CEC29107B1B00890794 /* Constants.swift */,
			);
			path = AppConstants;
			sourceTree = "<group>";
		};
		4AAF8CB129105D9E00890794 /* NetworkUrl */ = {
			isa = PBXGroup;
			children = (
				4AAF8CB229105E2F00890794 /* RestAPI.swift */,
			);
			path = NetworkUrl;
			sourceTree = "<group>";
		};
		4AAF8CD22910701D00890794 /* Protocols */ = {
			isa = PBXGroup;
			children = (
				4AAF8CCE29106F8E00890794 /* PokemonListCoordinatorProtocol.swift */,
				4AAF8CCC29106F4800890794 /* PokemonListViewModelProtocol.swift */,
				4AAF8CD82910710600890794 /* ViewCodeProtocol.swift */,
				4AAF8CDA2910713100890794 /* CoordinatorProtocol.swift */,
				4AAF8CDC291071E800890794 /* PokemonListServiceProtocol.swift */,
				4AAF8CE829107A3100890794 /* PokemonDetailCoordinatorProtocol.swift */,
			);
			path = Protocols;
			sourceTree = "<group>";
		};
		4AAF8CD32910709000890794 /* Components */ = {
			isa = PBXGroup;
			children = (
				4AD8BE532913CC47007B52BD /* Strings File */,
				4AAF8CD4291070A800890794 /* Alert.swift */,
				4AAF8CD6291070D600890794 /* ShowAlert.swift */,
			);
			path = Components;
			sourceTree = "<group>";
		};
		4AD8BE532913CC47007B52BD /* Strings File */ = {
			isa = PBXGroup;
			children = (
				4AD8BE582913CE94007B52BD /* Localizable.strings */,
				4AD8BE592913D13E007B52BD /* LocalizableStrings.swift */,
			);
			path = "Strings File";
			sourceTree = "<group>";
		};
		4AD8BE612914F5D1007B52BD /* My PokemonTests */ = {
			isa = PBXGroup;
			children = (
				4AD8BE622914F5D1007B52BD /* My_PokemonTests.swift */,
			);
			path = "My PokemonTests";
			sourceTree = "<group>";
		};
		4AD8BE6E2914F5EC007B52BD /* My PokemonUITests */ = {
			isa = PBXGroup;
			children = (
				4AD8BE6F2914F5EC007B52BD /* My_PokemonUITests.swift */,
				4AD8BE712914F5EC007B52BD /* My_PokemonUITestsLaunchTests.swift */,
			);
			path = "My PokemonUITests";
			sourceTree = "<group>";
		};
		4AD8BE78291A4329007B52BD /* TableView */ = {
			isa = PBXGroup;
			children = (
				4AD8BE79291A4EBD007B52BD /* PokemonTableViewController.swift */,
				4AD8BE7B291A4F19007B52BD /* PokemonTableView.swift */,
				4AD8BE7D291A52FB007B52BD /* TableCell.swift */,
				4AD8BE9F291E3089007B52BD /* BackTableCell.swift */,
				4AD8BEA3291E4BFB007B52BD /* RandomTableCell.swift */,
			);
			path = TableView;
			sourceTree = "<group>";
		};
/* End PBXGroup section */

/* Begin PBXNativeTarget section */
		4A901944290F172F00650FCE /* My Pokemon */ = {
			isa = PBXNativeTarget;
			buildConfigurationList = 4A901959290F173000650FCE /* Build configuration list for PBXNativeTarget "My Pokemon" */;
			buildPhases = (
				4A901941290F172F00650FCE /* Sources */,
				4A901942290F172F00650FCE /* Frameworks */,
				4A901943290F172F00650FCE /* Resources */,
			);
			buildRules = (
			);
			dependencies = (
			);
			name = "My Pokemon";
			productName = "My Pokemon";
			productReference = 4A901945290F172F00650FCE /* My Pokemon.app */;
			productType = "com.apple.product-type.application";
		};
		4AD8BE5F2914F5D1007B52BD /* My PokemonTests */ = {
			isa = PBXNativeTarget;
			buildConfigurationList = 4AD8BE662914F5D1007B52BD /* Build configuration list for PBXNativeTarget "My PokemonTests" */;
			buildPhases = (
				4AD8BE5C2914F5D1007B52BD /* Sources */,
				4AD8BE5D2914F5D1007B52BD /* Frameworks */,
				4AD8BE5E2914F5D1007B52BD /* Resources */,
			);
			buildRules = (
			);
			dependencies = (
				4AD8BE652914F5D1007B52BD /* PBXTargetDependency */,
			);
			name = "My PokemonTests";
			productName = "My PokemonTests";
			productReference = 4AD8BE602914F5D1007B52BD /* My PokemonTests.xctest */;
			productType = "com.apple.product-type.bundle.unit-test";
		};
		4AD8BE6C2914F5EC007B52BD /* My PokemonUITests */ = {
			isa = PBXNativeTarget;
			buildConfigurationList = 4AD8BE752914F5EC007B52BD /* Build configuration list for PBXNativeTarget "My PokemonUITests" */;
			buildPhases = (
				4AD8BE692914F5EC007B52BD /* Sources */,
				4AD8BE6A2914F5EC007B52BD /* Frameworks */,
				4AD8BE6B2914F5EC007B52BD /* Resources */,
			);
			buildRules = (
			);
			dependencies = (
				4AD8BE742914F5EC007B52BD /* PBXTargetDependency */,
			);
			name = "My PokemonUITests";
			productName = "My PokemonUITests";
			productReference = 4AD8BE6D2914F5EC007B52BD /* My PokemonUITests.xctest */;
			productType = "com.apple.product-type.bundle.ui-testing";
		};
/* End PBXNativeTarget section */

/* Begin PBXProject section */
		4A90193D290F172F00650FCE /* Project object */ = {
			isa = PBXProject;
			attributes = {
				BuildIndependentTargetsInParallel = 1;
				LastSwiftUpdateCheck = 1410;
				LastUpgradeCheck = 1400;
				ORGANIZATIONNAME = "TallStack Game Studios";
				TargetAttributes = {
					4A901944290F172F00650FCE = {
						CreatedOnToolsVersion = 14.0.1;
					};
					4AD8BE5F2914F5D1007B52BD = {
						CreatedOnToolsVersion = 14.1;
						TestTargetID = 4A901944290F172F00650FCE;
					};
					4AD8BE6C2914F5EC007B52BD = {
						CreatedOnToolsVersion = 14.1;
						TestTargetID = 4A901944290F172F00650FCE;
					};
				};
			};
			buildConfigurationList = 4A901940290F172F00650FCE /* Build configuration list for PBXProject "My Pokemon" */;
			compatibilityVersion = "Xcode 14.0";
			developmentRegion = en;
			hasScannedForEncodings = 0;
			knownRegions = (
				en,
				Base,
				"en-AU",
			);
			mainGroup = 4A90193C290F172F00650FCE;
			productRefGroup = 4A901946290F172F00650FCE /* Products */;
			projectDirPath = "";
			projectRoot = "";
			targets = (
				4A901944290F172F00650FCE /* My Pokemon */,
				4AD8BE5F2914F5D1007B52BD /* My PokemonTests */,
				4AD8BE6C2914F5EC007B52BD /* My PokemonUITests */,
			);
		};
/* End PBXProject section */

/* Begin PBXResourcesBuildPhase section */
		4A901943290F172F00650FCE /* Resources */ = {
			isa = PBXResourcesBuildPhase;
			buildActionMask = 2147483647;
			files = (
				4A901955290F173000650FCE /* LaunchScreen.storyboard in Resources */,
				4AD8BE562913CE94007B52BD /* Localizable.strings in Resources */,
				4A901952290F173000650FCE /* Assets.xcassets in Resources */,
			);
			runOnlyForDeploymentPostprocessing = 0;
		};
		4AD8BE5E2914F5D1007B52BD /* Resources */ = {
			isa = PBXResourcesBuildPhase;
			buildActionMask = 2147483647;
			files = (
			);
			runOnlyForDeploymentPostprocessing = 0;
		};
		4AD8BE6B2914F5EC007B52BD /* Resources */ = {
			isa = PBXResourcesBuildPhase;
			buildActionMask = 2147483647;
			files = (
			);
			runOnlyForDeploymentPostprocessing = 0;
		};
/* End PBXResourcesBuildPhase section */

/* Begin PBXSourcesBuildPhase section */
		4A901941290F172F00650FCE /* Sources */ = {
			isa = PBXSourcesBuildPhase;
			buildActionMask = 2147483647;
			files = (
				4AAF8CCD29106F4800890794 /* PokemonListViewModelProtocol.swift in Sources */,
				4AAF8CB529105F1000890794 /* ImageCache.swift in Sources */,
				4AAF8CE929107A3100890794 /* PokemonDetailCoordinatorProtocol.swift in Sources */,
				4AD8BE7E291A52FB007B52BD /* TableCell.swift in Sources */,
				4AAF8CB329105E2F00890794 /* RestAPI.swift in Sources */,
				4AAF8CE3291073A400890794 /* PokemonCell.swift in Sources */,
				4AAF8CBB2910632200890794 /* PokemonDetail.swift in Sources */,
				4AAF8CD92910710600890794 /* ViewCodeProtocol.swift in Sources */,
				4A90194D290F172F00650FCE /* PokemonListViewController.swift in Sources */,
				4AAF8CDB2910713100890794 /* CoordinatorProtocol.swift in Sources */,
				4AAF8CED29107B1B00890794 /* Constants.swift in Sources */,
				4AD8BEA4291E4BFB007B52BD /* RandomTableCell.swift in Sources */,
				4AAF8CD5291070A800890794 /* Alert.swift in Sources */,
				4AAF8CCF29106F8E00890794 /* PokemonListCoordinatorProtocol.swift in Sources */,
				4AD8BEA0291E3089007B52BD /* BackTableCell.swift in Sources */,
				4AAF8CC929106EEC00890794 /* PokemonListViewModel.swift in Sources */,
				4AAF8CE5291073CC00890794 /* PokemonListViewProtocol.swift in Sources */,
				4A901949290F172F00650FCE /* AppDelegate.swift in Sources */,
				4AAF8CF129107BC800890794 /* PokemonDetailViewModelProtocol.swift in Sources */,
				4AAF8CEF29107BA300890794 /* PokemonDetailViewModel.swift in Sources */,
				4AAF8CDD291071E800890794 /* PokemonListServiceProtocol.swift in Sources */,
				4AAF8CCB29106F1A00890794 /* PokemonCellViewModel.swift in Sources */,
				4AAF8CC12910639400890794 /* Type.swift in Sources */,
				4AAF8CD129106FC300890794 /* PokemonListCoordinator.swift in Sources */,
				4AD8BE7C291A4F19007B52BD /* PokemonTableView.swift in Sources */,
				4AD8BE5A2913D13E007B52BD /* LocalizableStrings.swift in Sources */,
				4AAF8CB9291062DA00890794 /* PokemonList.swift in Sources */,
				4AAF8CEB29107A5800890794 /* PokemonDetailCoordinator.swift in Sources */,
				4A90194B290F172F00650FCE /* SceneDelegate.swift in Sources */,
				4AAF8CDF2910721300890794 /* PokemonListService.swift in Sources */,
				4AAF8CE7291074F800890794 /* AppCoordinator.swift in Sources */,
				4AAF8CF529107C7600890794 /* PokemonDetailView.swift in Sources */,
				4AAF8CC7291063BF00890794 /* Abilities.swift in Sources */,
				4AAF8CD7291070D600890794 /* ShowAlert.swift in Sources */,
				4AD8BE7A291A4EBD007B52BD /* PokemonTableViewController.swift in Sources */,
				4AAF8CE12910737300890794 /* PokemonListView.swift in Sources */,
				4AAF8CBF2910636B00890794 /* Form.swift in Sources */,
				4AAF8CF729107CCD00890794 /* PokemonDetailViewProtocol.swift in Sources */,
				4AAF8CC32910639F00890794 /* Types.swift in Sources */,
				4AAF8CF329107C3F00890794 /* PokemonDetailViewController.swift in Sources */,
				4AAF8CC5291063B400890794 /* Ability.swift in Sources */,
				4AAF8CB7291062A600890794 /* Pokemon.swift in Sources */,
				4AAF8CF929107CF000890794 /* PokemonDetailDescriptionView.swift in Sources */,
			);
			runOnlyForDeploymentPostprocessing = 0;
		};
		4AD8BE5C2914F5D1007B52BD /* Sources */ = {
			isa = PBXSourcesBuildPhase;
			buildActionMask = 2147483647;
			files = (
				4AD8BE632914F5D1007B52BD /* My_PokemonTests.swift in Sources */,
			);
			runOnlyForDeploymentPostprocessing = 0;
		};
		4AD8BE692914F5EC007B52BD /* Sources */ = {
			isa = PBXSourcesBuildPhase;
			buildActionMask = 2147483647;
			files = (
				4AD8BE722914F5EC007B52BD /* My_PokemonUITestsLaunchTests.swift in Sources */,
				4AD8BE702914F5EC007B52BD /* My_PokemonUITests.swift in Sources */,
			);
			runOnlyForDeploymentPostprocessing = 0;
		};
/* End PBXSourcesBuildPhase section */

/* Begin PBXTargetDependency section */
		4AD8BE652914F5D1007B52BD /* PBXTargetDependency */ = {
			isa = PBXTargetDependency;
			target = 4A901944290F172F00650FCE /* My Pokemon */;
			targetProxy = 4AD8BE642914F5D1007B52BD /* PBXContainerItemProxy */;
		};
		4AD8BE742914F5EC007B52BD /* PBXTargetDependency */ = {
			isa = PBXTargetDependency;
			target = 4A901944290F172F00650FCE /* My Pokemon */;
			targetProxy = 4AD8BE732914F5EC007B52BD /* PBXContainerItemProxy */;
		};
/* End PBXTargetDependency section */

/* Begin PBXVariantGroup section */
		4A901953290F173000650FCE /* LaunchScreen.storyboard */ = {
			isa = PBXVariantGroup;
			children = (
				4A901954290F173000650FCE /* Base */,
			);
			name = LaunchScreen.storyboard;
			sourceTree = "<group>";
		};
		4AD8BE582913CE94007B52BD /* Localizable.strings */ = {
			isa = PBXVariantGroup;
			children = (
				4AD8BE572913CE94007B52BD /* en */,
				4AD8BE5B2913D2C7007B52BD /* en-AU */,
			);
			name = Localizable.strings;
			sourceTree = "<group>";
		};
/* End PBXVariantGroup section */

/* Begin XCBuildConfiguration section */
		4A901957290F173000650FCE /* Debug */ = {
			isa = XCBuildConfiguration;
			buildSettings = {
				ALWAYS_SEARCH_USER_PATHS = NO;
				CLANG_ANALYZER_LOCALIZABILITY_NONLOCALIZED = YES;
				CLANG_ANALYZER_NONNULL = YES;
				CLANG_ANALYZER_NUMBER_OBJECT_CONVERSION = YES_AGGRESSIVE;
				CLANG_CXX_LANGUAGE_STANDARD = "gnu++20";
				CLANG_ENABLE_MODULES = YES;
				CLANG_ENABLE_OBJC_ARC = YES;
				CLANG_ENABLE_OBJC_WEAK = YES;
				CLANG_WARN_BLOCK_CAPTURE_AUTORELEASING = YES;
				CLANG_WARN_BOOL_CONVERSION = YES;
				CLANG_WARN_COMMA = YES;
				CLANG_WARN_CONSTANT_CONVERSION = YES;
				CLANG_WARN_DEPRECATED_OBJC_IMPLEMENTATIONS = YES;
				CLANG_WARN_DIRECT_OBJC_ISA_USAGE = YES_ERROR;
				CLANG_WARN_DOCUMENTATION_COMMENTS = YES;
				CLANG_WARN_EMPTY_BODY = YES;
				CLANG_WARN_ENUM_CONVERSION = YES;
				CLANG_WARN_INFINITE_RECURSION = YES;
				CLANG_WARN_INT_CONVERSION = YES;
				CLANG_WARN_NON_LITERAL_NULL_CONVERSION = YES;
				CLANG_WARN_OBJC_IMPLICIT_RETAIN_SELF = YES;
				CLANG_WARN_OBJC_LITERAL_CONVERSION = YES;
				CLANG_WARN_OBJC_ROOT_CLASS = YES_ERROR;
				CLANG_WARN_QUOTED_INCLUDE_IN_FRAMEWORK_HEADER = YES;
				CLANG_WARN_RANGE_LOOP_ANALYSIS = YES;
				CLANG_WARN_STRICT_PROTOTYPES = YES;
				CLANG_WARN_SUSPICIOUS_MOVE = YES;
				CLANG_WARN_UNGUARDED_AVAILABILITY = YES_AGGRESSIVE;
				CLANG_WARN_UNREACHABLE_CODE = YES;
				CLANG_WARN__DUPLICATE_METHOD_MATCH = YES;
				COPY_PHASE_STRIP = NO;
				DEBUG_INFORMATION_FORMAT = dwarf;
				ENABLE_STRICT_OBJC_MSGSEND = YES;
				ENABLE_TESTABILITY = YES;
				GCC_C_LANGUAGE_STANDARD = gnu11;
				GCC_DYNAMIC_NO_PIC = NO;
				GCC_NO_COMMON_BLOCKS = YES;
				GCC_OPTIMIZATION_LEVEL = 0;
				GCC_PREPROCESSOR_DEFINITIONS = (
					"DEBUG=1",
					"$(inherited)",
				);
				GCC_WARN_64_TO_32_BIT_CONVERSION = YES;
				GCC_WARN_ABOUT_RETURN_TYPE = YES_ERROR;
				GCC_WARN_UNDECLARED_SELECTOR = YES;
				GCC_WARN_UNINITIALIZED_AUTOS = YES_AGGRESSIVE;
				GCC_WARN_UNUSED_FUNCTION = YES;
				GCC_WARN_UNUSED_VARIABLE = YES;
				IPHONEOS_DEPLOYMENT_TARGET = 16.0;
				MTL_ENABLE_DEBUG_INFO = INCLUDE_SOURCE;
				MTL_FAST_MATH = YES;
				ONLY_ACTIVE_ARCH = YES;
				SDKROOT = iphoneos;
				SWIFT_ACTIVE_COMPILATION_CONDITIONS = DEBUG;
				SWIFT_OPTIMIZATION_LEVEL = "-Onone";
			};
			name = Debug;
		};
		4A901958290F173000650FCE /* Release */ = {
			isa = XCBuildConfiguration;
			buildSettings = {
				ALWAYS_SEARCH_USER_PATHS = NO;
				CLANG_ANALYZER_LOCALIZABILITY_NONLOCALIZED = YES;
				CLANG_ANALYZER_NONNULL = YES;
				CLANG_ANALYZER_NUMBER_OBJECT_CONVERSION = YES_AGGRESSIVE;
				CLANG_CXX_LANGUAGE_STANDARD = "gnu++20";
				CLANG_ENABLE_MODULES = YES;
				CLANG_ENABLE_OBJC_ARC = YES;
				CLANG_ENABLE_OBJC_WEAK = YES;
				CLANG_WARN_BLOCK_CAPTURE_AUTORELEASING = YES;
				CLANG_WARN_BOOL_CONVERSION = YES;
				CLANG_WARN_COMMA = YES;
				CLANG_WARN_CONSTANT_CONVERSION = YES;
				CLANG_WARN_DEPRECATED_OBJC_IMPLEMENTATIONS = YES;
				CLANG_WARN_DIRECT_OBJC_ISA_USAGE = YES_ERROR;
				CLANG_WARN_DOCUMENTATION_COMMENTS = YES;
				CLANG_WARN_EMPTY_BODY = YES;
				CLANG_WARN_ENUM_CONVERSION = YES;
				CLANG_WARN_INFINITE_RECURSION = YES;
				CLANG_WARN_INT_CONVERSION = YES;
				CLANG_WARN_NON_LITERAL_NULL_CONVERSION = YES;
				CLANG_WARN_OBJC_IMPLICIT_RETAIN_SELF = YES;
				CLANG_WARN_OBJC_LITERAL_CONVERSION = YES;
				CLANG_WARN_OBJC_ROOT_CLASS = YES_ERROR;
				CLANG_WARN_QUOTED_INCLUDE_IN_FRAMEWORK_HEADER = YES;
				CLANG_WARN_RANGE_LOOP_ANALYSIS = YES;
				CLANG_WARN_STRICT_PROTOTYPES = YES;
				CLANG_WARN_SUSPICIOUS_MOVE = YES;
				CLANG_WARN_UNGUARDED_AVAILABILITY = YES_AGGRESSIVE;
				CLANG_WARN_UNREACHABLE_CODE = YES;
				CLANG_WARN__DUPLICATE_METHOD_MATCH = YES;
				COPY_PHASE_STRIP = NO;
				DEBUG_INFORMATION_FORMAT = "dwarf-with-dsym";
				ENABLE_NS_ASSERTIONS = NO;
				ENABLE_STRICT_OBJC_MSGSEND = YES;
				GCC_C_LANGUAGE_STANDARD = gnu11;
				GCC_NO_COMMON_BLOCKS = YES;
				GCC_WARN_64_TO_32_BIT_CONVERSION = YES;
				GCC_WARN_ABOUT_RETURN_TYPE = YES_ERROR;
				GCC_WARN_UNDECLARED_SELECTOR = YES;
				GCC_WARN_UNINITIALIZED_AUTOS = YES_AGGRESSIVE;
				GCC_WARN_UNUSED_FUNCTION = YES;
				GCC_WARN_UNUSED_VARIABLE = YES;
				IPHONEOS_DEPLOYMENT_TARGET = 16.0;
				MTL_ENABLE_DEBUG_INFO = NO;
				MTL_FAST_MATH = YES;
				SDKROOT = iphoneos;
				SWIFT_COMPILATION_MODE = wholemodule;
				SWIFT_OPTIMIZATION_LEVEL = "-O";
				VALIDATE_PRODUCT = YES;
			};
			name = Release;
		};
		4A90195A290F173000650FCE /* Debug */ = {
			isa = XCBuildConfiguration;
			buildSettings = {
				ASSETCATALOG_COMPILER_APPICON_NAME = AppIcon;
				ASSETCATALOG_COMPILER_GLOBAL_ACCENT_COLOR_NAME = AccentColor;
				CODE_SIGN_STYLE = Automatic;
				CURRENT_PROJECT_VERSION = 1;
				DEVELOPMENT_TEAM = B43NF42QUF;
				GENERATE_INFOPLIST_FILE = YES;
				INFOPLIST_FILE = "My Pokemon/Info.plist";
				INFOPLIST_KEY_UIApplicationSupportsIndirectInputEvents = YES;
				INFOPLIST_KEY_UILaunchStoryboardName = LaunchScreen;
				INFOPLIST_KEY_UISupportedInterfaceOrientations_iPad = "UIInterfaceOrientationPortrait UIInterfaceOrientationPortraitUpsideDown UIInterfaceOrientationLandscapeLeft UIInterfaceOrientationLandscapeRight";
				INFOPLIST_KEY_UISupportedInterfaceOrientations_iPhone = "UIInterfaceOrientationPortrait UIInterfaceOrientationLandscapeLeft UIInterfaceOrientationLandscapeRight";
				IPHONEOS_DEPLOYMENT_TARGET = 13.5;
				LD_RUNPATH_SEARCH_PATHS = (
					"$(inherited)",
					"@executable_path/Frameworks",
				);
				MARKETING_VERSION = 1.0;
				PRODUCT_BUNDLE_IDENTIFIER = "Tallstackgamestudios.My-Pokemon";
				PRODUCT_NAME = "$(TARGET_NAME)";
				SWIFT_EMIT_LOC_STRINGS = YES;
				SWIFT_VERSION = 5.0;
				TARGETED_DEVICE_FAMILY = "1,2";
			};
			name = Debug;
		};
		4A90195B290F173000650FCE /* Release */ = {
			isa = XCBuildConfiguration;
			buildSettings = {
				ASSETCATALOG_COMPILER_APPICON_NAME = AppIcon;
				ASSETCATALOG_COMPILER_GLOBAL_ACCENT_COLOR_NAME = AccentColor;
				CODE_SIGN_STYLE = Automatic;
				CURRENT_PROJECT_VERSION = 1;
				DEVELOPMENT_TEAM = B43NF42QUF;
				GENERATE_INFOPLIST_FILE = YES;
				INFOPLIST_FILE = "My Pokemon/Info.plist";
				INFOPLIST_KEY_UIApplicationSupportsIndirectInputEvents = YES;
				INFOPLIST_KEY_UILaunchStoryboardName = LaunchScreen;
				INFOPLIST_KEY_UISupportedInterfaceOrientations_iPad = "UIInterfaceOrientationPortrait UIInterfaceOrientationPortraitUpsideDown UIInterfaceOrientationLandscapeLeft UIInterfaceOrientationLandscapeRight";
				INFOPLIST_KEY_UISupportedInterfaceOrientations_iPhone = "UIInterfaceOrientationPortrait UIInterfaceOrientationLandscapeLeft UIInterfaceOrientationLandscapeRight";
				IPHONEOS_DEPLOYMENT_TARGET = 13.5;
				LD_RUNPATH_SEARCH_PATHS = (
					"$(inherited)",
					"@executable_path/Frameworks",
				);
				MARKETING_VERSION = 1.0;
				PRODUCT_BUNDLE_IDENTIFIER = "Tallstackgamestudios.My-Pokemon";
				PRODUCT_NAME = "$(TARGET_NAME)";
				SWIFT_EMIT_LOC_STRINGS = YES;
				SWIFT_VERSION = 5.0;
				TARGETED_DEVICE_FAMILY = "1,2";
			};
			name = Release;
		};
		4AD8BE672914F5D1007B52BD /* Debug */ = {
			isa = XCBuildConfiguration;
			buildSettings = {
				BUNDLE_LOADER = "$(TEST_HOST)";
				CODE_SIGN_STYLE = Automatic;
				CURRENT_PROJECT_VERSION = 1;
				DEVELOPMENT_TEAM = B43NF42QUF;
				GENERATE_INFOPLIST_FILE = YES;
				IPHONEOS_DEPLOYMENT_TARGET = 16.1;
				MARKETING_VERSION = 1.0;
				PRODUCT_BUNDLE_IDENTIFIER = "Tallstackgamestudios.My-PokemonTests";
				PRODUCT_NAME = "$(TARGET_NAME)";
				SWIFT_EMIT_LOC_STRINGS = NO;
				SWIFT_VERSION = 5.0;
				TARGETED_DEVICE_FAMILY = "1,2";
				TEST_HOST = "$(BUILT_PRODUCTS_DIR)/My Pokemon.app/$(BUNDLE_EXECUTABLE_FOLDER_PATH)/My Pokemon";
			};
			name = Debug;
		};
		4AD8BE682914F5D1007B52BD /* Release */ = {
			isa = XCBuildConfiguration;
			buildSettings = {
				BUNDLE_LOADER = "$(TEST_HOST)";
				CODE_SIGN_STYLE = Automatic;
				CURRENT_PROJECT_VERSION = 1;
				DEVELOPMENT_TEAM = B43NF42QUF;
				GENERATE_INFOPLIST_FILE = YES;
				IPHONEOS_DEPLOYMENT_TARGET = 16.1;
				MARKETING_VERSION = 1.0;
				PRODUCT_BUNDLE_IDENTIFIER = "Tallstackgamestudios.My-PokemonTests";
				PRODUCT_NAME = "$(TARGET_NAME)";
				SWIFT_EMIT_LOC_STRINGS = NO;
				SWIFT_VERSION = 5.0;
				TARGETED_DEVICE_FAMILY = "1,2";
				TEST_HOST = "$(BUILT_PRODUCTS_DIR)/My Pokemon.app/$(BUNDLE_EXECUTABLE_FOLDER_PATH)/My Pokemon";
			};
			name = Release;
		};
		4AD8BE762914F5EC007B52BD /* Debug */ = {
			isa = XCBuildConfiguration;
			buildSettings = {
				CODE_SIGN_STYLE = Automatic;
				CURRENT_PROJECT_VERSION = 1;
				DEVELOPMENT_TEAM = B43NF42QUF;
				GENERATE_INFOPLIST_FILE = YES;
				IPHONEOS_DEPLOYMENT_TARGET = 16.1;
				MARKETING_VERSION = 1.0;
				PRODUCT_BUNDLE_IDENTIFIER = "Tallstackgamestudios.My-PokemonUITests";
				PRODUCT_NAME = "$(TARGET_NAME)";
				SWIFT_EMIT_LOC_STRINGS = NO;
				SWIFT_VERSION = 5.0;
				TARGETED_DEVICE_FAMILY = "1,2";
				TEST_TARGET_NAME = "My Pokemon";
			};
			name = Debug;
		};
		4AD8BE772914F5EC007B52BD /* Release */ = {
			isa = XCBuildConfiguration;
			buildSettings = {
				CODE_SIGN_STYLE = Automatic;
				CURRENT_PROJECT_VERSION = 1;
				DEVELOPMENT_TEAM = B43NF42QUF;
				GENERATE_INFOPLIST_FILE = YES;
				IPHONEOS_DEPLOYMENT_TARGET = 16.1;
				MARKETING_VERSION = 1.0;
				PRODUCT_BUNDLE_IDENTIFIER = "Tallstackgamestudios.My-PokemonUITests";
				PRODUCT_NAME = "$(TARGET_NAME)";
				SWIFT_EMIT_LOC_STRINGS = NO;
				SWIFT_VERSION = 5.0;
				TARGETED_DEVICE_FAMILY = "1,2";
				TEST_TARGET_NAME = "My Pokemon";
			};
			name = Release;
		};
/* End XCBuildConfiguration section */

/* Begin XCConfigurationList section */
		4A901940290F172F00650FCE /* Build configuration list for PBXProject "My Pokemon" */ = {
			isa = XCConfigurationList;
			buildConfigurations = (
				4A901957290F173000650FCE /* Debug */,
				4A901958290F173000650FCE /* Release */,
			);
			defaultConfigurationIsVisible = 0;
			defaultConfigurationName = Release;
		};
		4A901959290F173000650FCE /* Build configuration list for PBXNativeTarget "My Pokemon" */ = {
			isa = XCConfigurationList;
			buildConfigurations = (
				4A90195A290F173000650FCE /* Debug */,
				4A90195B290F173000650FCE /* Release */,
			);
			defaultConfigurationIsVisible = 0;
			defaultConfigurationName = Release;
		};
		4AD8BE662914F5D1007B52BD /* Build configuration list for PBXNativeTarget "My PokemonTests" */ = {
			isa = XCConfigurationList;
			buildConfigurations = (
				4AD8BE672914F5D1007B52BD /* Debug */,
				4AD8BE682914F5D1007B52BD /* Release */,
			);
			defaultConfigurationIsVisible = 0;
			defaultConfigurationName = Release;
		};
		4AD8BE752914F5EC007B52BD /* Build configuration list for PBXNativeTarget "My PokemonUITests" */ = {
			isa = XCConfigurationList;
			buildConfigurations = (
				4AD8BE762914F5EC007B52BD /* Debug */,
				4AD8BE772914F5EC007B52BD /* Release */,
			);
			defaultConfigurationIsVisible = 0;
			defaultConfigurationName = Release;
		};
/* End XCConfigurationList section */
	};
	rootObject = 4A90193D290F172F00650FCE /* Project object */;
}
